{
  "name": "mobx_blog",
  "version": "1.0.0",
  "lockfileVersion": 1,
  "requires": true,
  "dependencies": {
    "mobx-react-devtools": {
      "version": "6.1.1",
      "resolved": "https://registry.npmjs.org/mobx-react-devtools/-/mobx-react-devtools-6.1.1.tgz",
      "integrity": "sha512-nc5IXLdEUFLn3wZal65KF3/JFEFd+mbH4KTz/IG5BOPyw7jo8z29w/8qm7+wiCyqVfUIgJ1gL4+HVKmcXIOgqA=="
    }
  }
}
